
Microsoft Visual Studio Solution File, Format Version 12.00
# Visual Studio Version 16
VisualStudioVersion = 16.0.30011.22
MinimumVisualStudioVersion = 15.0.26124.0
Project("{9A19103F-16F7-4668-BE54-9A1E7A4F7556}") = "web-api-demo", "web-api-demo\web-api-demo.csproj", "{2FC0A4D8-5753-4FA8-8477-B740BB10C555}"
EndProject
Project("{9A19103F-16F7-4668-BE54-9A1E7A4F7556}") = "async-demo", "async-demo\async-demo.csproj", "{D7FBCE9D-44A5-4CB2-8076-32ACF3E0D462}"
EndProject
Project("{9A19103F-16F7-4668-BE54-9A1E7A4F7556}") = "middleware-demo", "middleware-demo\middleware-demo.csproj", "{DE7F6421-A030-448C-A523-E0E60960D35F}"
EndProject
Project("{9A19103F-16F7-4668-BE54-9A1E7A4F7556}") = "di-demo", "di-demo\di-demo.csproj", "{F42646C9-61F8-4759-8BAB-05AB793F4CE6}"
EndProject
Project("{FAE04EC0-301F-11D3-BF4B-00C04F79EFBC}") = "analyzer-demo", "analyzer-demo\analyzer-demo.csproj", "{60CAB48D-4056-4120-ABDF-6B5E3BC8C5A2}"
EndProject
Project("{FAE04EC0-301F-11D3-BF4B-00C04F79EFBC}") = "core-analyzer-demo", "core-analyzer-demo\core-analyzer-demo.csproj", "{9E8FAD83-C0C7-4F3D-830B-F47ACE94F640}"
EndProject
Project("{9A19103F-16F7-4668-BE54-9A1E7A4F7556}") = "ef-core-demo", "ef-core-demo\ef-core-demo.csproj", "{08A2F3D8-46AB-4F98-BDA7-6208D489E8B8}"
EndProject
Project("{9A19103F-16F7-4668-BE54-9A1E7A4F7556}") = "crud-demo", "crud-demo\crud-demo.csproj", "{5D3562D0-64A2-4C23-85D0-5A212016C0B4}"
EndProject
Project("{FAE04EC0-301F-11D3-BF4B-00C04F79EFBC}") = "swag-demo", "swag-demo\swag-demo.csproj", "{EA6BDEB3-4206-45E7-B1AA-45851D788194}"
EndProject
Project("{9A19103F-16F7-4668-BE54-9A1E7A4F7556}") = "SignalRChat", "SignalRChat\SignalRChat.csproj", "{974FB0CB-B105-470C-AB09-013B453000CA}"
EndProject
Project("{FAE04EC0-301F-11D3-BF4B-00C04F79EFBC}") = "token-demo", "token-demo\token-demo.csproj", "{862F7D31-0214-4D1A-8836-D737318A8BDF}"
EndProject
Project("{FAE04EC0-301F-11D3-BF4B-00C04F79EFBC}") = "log-demo", "log-demo\log-demo.csproj", "{C47AC366-875D-4E2D-831F-01465435662A}"
EndProject
Project("{FAE04EC0-301F-11D3-BF4B-00C04F79EFBC}") = "serilog-demo", "serilog-demo\serilog-demo.csproj", "{ABF58D22-B9D3-48E7-B97F-27316002E21D}"
EndProject
Global
	GlobalSection(SolutionConfigurationPlatforms) = preSolution
		Debug|Any CPU = Debug|Any CPU
		Debug|x64 = Debug|x64
		Debug|x86 = Debug|x86
		Release|Any CPU = Release|Any CPU
		Release|x64 = Release|x64
		Release|x86 = Release|x86
	EndGlobalSection
	GlobalSection(ProjectConfigurationPlatforms) = postSolution
		{2FC0A4D8-5753-4FA8-8477-B740BB10C555}.Debug|Any CPU.ActiveCfg = Debug|Any CPU
		{2FC0A4D8-5753-4FA8-8477-B740BB10C555}.Debug|Any CPU.Build.0 = Debug|Any CPU
		{2FC0A4D8-5753-4FA8-8477-B740BB10C555}.Debug|x64.ActiveCfg = Debug|Any CPU
		{2FC0A4D8-5753-4FA8-8477-B740BB10C555}.Debug|x64.Build.0 = Debug|Any CPU
		{2FC0A4D8-5753-4FA8-8477-B740BB10C555}.Debug|x86.ActiveCfg = Debug|Any CPU
		{2FC0A4D8-5753-4FA8-8477-B740BB10C555}.Debug|x86.Build.0 = Debug|Any CPU
		{2FC0A4D8-5753-4FA8-8477-B740BB10C555}.Release|Any CPU.ActiveCfg = Release|Any CPU
		{2FC0A4D8-5753-4FA8-8477-B740BB10C555}.Release|Any CPU.Build.0 = Release|Any CPU
		{2FC0A4D8-5753-4FA8-8477-B740BB10C555}.Release|x64.ActiveCfg = Release|Any CPU
		{2FC0A4D8-5753-4FA8-8477-B740BB10C555}.Release|x64.Build.0 = Release|Any CPU
		{2FC0A4D8-5753-4FA8-8477-B740BB10C555}.Release|x86.ActiveCfg = Release|Any CPU
		{2FC0A4D8-5753-4FA8-8477-B740BB10C555}.Release|x86.Build.0 = Release|Any CPU
		{D7FBCE9D-44A5-4CB2-8076-32ACF3E0D462}.Debug|Any CPU.ActiveCfg = Debug|Any CPU
		{D7FBCE9D-44A5-4CB2-8076-32ACF3E0D462}.Debug|Any CPU.Build.0 = Debug|Any CPU
		{D7FBCE9D-44A5-4CB2-8076-32ACF3E0D462}.Debug|x64.ActiveCfg = Debug|Any CPU
		{D7FBCE9D-44A5-4CB2-8076-32ACF3E0D462}.Debug|x64.Build.0 = Debug|Any CPU
		{D7FBCE9D-44A5-4CB2-8076-32ACF3E0D462}.Debug|x86.ActiveCfg = Debug|Any CPU
		{D7FBCE9D-44A5-4CB2-8076-32ACF3E0D462}.Debug|x86.Build.0 = Debug|Any CPU
		{D7FBCE9D-44A5-4CB2-8076-32ACF3E0D462}.Release|Any CPU.ActiveCfg = Release|Any CPU
		{D7FBCE9D-44A5-4CB2-8076-32ACF3E0D462}.Release|Any CPU.Build.0 = Release|Any CPU
		{D7FBCE9D-44A5-4CB2-8076-32ACF3E0D462}.Release|x64.ActiveCfg = Release|Any CPU
		{D7FBCE9D-44A5-4CB2-8076-32ACF3E0D462}.Release|x64.Build.0 = Release|Any CPU
		{D7FBCE9D-44A5-4CB2-8076-32ACF3E0D462}.Release|x86.ActiveCfg = Release|Any CPU
		{D7FBCE9D-44A5-4CB2-8076-32ACF3E0D462}.Release|x86.Build.0 = Release|Any CPU
		{DE7F6421-A030-448C-A523-E0E60960D35F}.Debug|Any CPU.ActiveCfg = Debug|Any CPU
		{DE7F6421-A030-448C-A523-E0E60960D35F}.Debug|Any CPU.Build.0 = Debug|Any CPU
		{DE7F6421-A030-448C-A523-E0E60960D35F}.Debug|x64.ActiveCfg = Debug|Any CPU
		{DE7F6421-A030-448C-A523-E0E60960D35F}.Debug|x64.Build.0 = Debug|Any CPU
		{DE7F6421-A030-448C-A523-E0E60960D35F}.Debug|x86.ActiveCfg = Debug|Any CPU
		{DE7F6421-A030-448C-A523-E0E60960D35F}.Debug|x86.Build.0 = Debug|Any CPU
		{DE7F6421-A030-448C-A523-E0E60960D35F}.Release|Any CPU.ActiveCfg = Release|Any CPU
		{DE7F6421-A030-448C-A523-E0E60960D35F}.Release|Any CPU.Build.0 = Release|Any CPU
		{DE7F6421-A030-448C-A523-E0E60960D35F}.Release|x64.ActiveCfg = Release|Any CPU
		{DE7F6421-A030-448C-A523-E0E60960D35F}.Release|x64.Build.0 = Release|Any CPU
		{DE7F6421-A030-448C-A523-E0E60960D35F}.Release|x86.ActiveCfg = Release|Any CPU
		{DE7F6421-A030-448C-A523-E0E60960D35F}.Release|x86.Build.0 = Release|Any CPU
		{F42646C9-61F8-4759-8BAB-05AB793F4CE6}.Debug|Any CPU.ActiveCfg = Debug|Any CPU
		{F42646C9-61F8-4759-8BAB-05AB793F4CE6}.Debug|Any CPU.Build.0 = Debug|Any CPU
		{F42646C9-61F8-4759-8BAB-05AB793F4CE6}.Debug|x64.ActiveCfg = Debug|Any CPU
		{F42646C9-61F8-4759-8BAB-05AB793F4CE6}.Debug|x64.Build.0 = Debug|Any CPU
		{F42646C9-61F8-4759-8BAB-05AB793F4CE6}.Debug|x86.ActiveCfg = Debug|Any CPU
		{F42646C9-61F8-4759-8BAB-05AB793F4CE6}.Debug|x86.Build.0 = Debug|Any CPU
		{F42646C9-61F8-4759-8BAB-05AB793F4CE6}.Release|Any CPU.ActiveCfg = Release|Any CPU
		{F42646C9-61F8-4759-8BAB-05AB793F4CE6}.Release|Any CPU.Build.0 = Release|Any CPU
		{F42646C9-61F8-4759-8BAB-05AB793F4CE6}.Release|x64.ActiveCfg = Release|Any CPU
		{F42646C9-61F8-4759-8BAB-05AB793F4CE6}.Release|x64.Build.0 = Release|Any CPU
		{F42646C9-61F8-4759-8BAB-05AB793F4CE6}.Release|x86.ActiveCfg = Release|Any CPU
		{F42646C9-61F8-4759-8BAB-05AB793F4CE6}.Release|x86.Build.0 = Release|Any CPU
		{60CAB48D-4056-4120-ABDF-6B5E3BC8C5A2}.Debug|Any CPU.ActiveCfg = Debug|Any CPU
		{60CAB48D-4056-4120-ABDF-6B5E3BC8C5A2}.Debug|Any CPU.Build.0 = Debug|Any CPU
		{60CAB48D-4056-4120-ABDF-6B5E3BC8C5A2}.Debug|x64.ActiveCfg = Debug|Any CPU
		{60CAB48D-4056-4120-ABDF-6B5E3BC8C5A2}.Debug|x64.Build.0 = Debug|Any CPU
		{60CAB48D-4056-4120-ABDF-6B5E3BC8C5A2}.Debug|x86.ActiveCfg = Debug|Any CPU
		{60CAB48D-4056-4120-ABDF-6B5E3BC8C5A2}.Debug|x86.Build.0 = Debug|Any CPU
		{60CAB48D-4056-4120-ABDF-6B5E3BC8C5A2}.Release|Any CPU.ActiveCfg = Release|Any CPU
		{60CAB48D-4056-4120-ABDF-6B5E3BC8C5A2}.Release|Any CPU.Build.0 = Release|Any CPU
		{60CAB48D-4056-4120-ABDF-6B5E3BC8C5A2}.Release|x64.ActiveCfg = Release|Any CPU
		{60CAB48D-4056-4120-ABDF-6B5E3BC8C5A2}.Release|x64.Build.0 = Release|Any CPU
		{60CAB48D-4056-4120-ABDF-6B5E3BC8C5A2}.Release|x86.ActiveCfg = Release|Any CPU
		{60CAB48D-4056-4120-ABDF-6B5E3BC8C5A2}.Release|x86.Build.0 = Release|Any CPU
		{9E8FAD83-C0C7-4F3D-830B-F47ACE94F640}.Debug|Any CPU.ActiveCfg = Debug|Any CPU
		{9E8FAD83-C0C7-4F3D-830B-F47ACE94F640}.Debug|Any CPU.Build.0 = Debug|Any CPU
		{9E8FAD83-C0C7-4F3D-830B-F47ACE94F640}.Debug|x64.ActiveCfg = Debug|Any CPU
		{9E8FAD83-C0C7-4F3D-830B-F47ACE94F640}.Debug|x64.Build.0 = Debug|Any CPU
		{9E8FAD83-C0C7-4F3D-830B-F47ACE94F640}.Debug|x86.ActiveCfg = Debug|Any CPU
		{9E8FAD83-C0C7-4F3D-830B-F47ACE94F640}.Debug|x86.Build.0 = Debug|Any CPU
		{9E8FAD83-C0C7-4F3D-830B-F47ACE94F640}.Release|Any CPU.ActiveCfg = Release|Any CPU
		{9E8FAD83-C0C7-4F3D-830B-F47ACE94F640}.Release|Any CPU.Build.0 = Release|Any CPU
		{9E8FAD83-C0C7-4F3D-830B-F47ACE94F640}.Release|x64.ActiveCfg = Release|Any CPU
		{9E8FAD83-C0C7-4F3D-830B-F47ACE94F640}.Release|x64.Build.0 = Release|Any CPU
		{9E8FAD83-C0C7-4F3D-830B-F47ACE94F640}.Release|x86.ActiveCfg = Release|Any CPU
		{9E8FAD83-C0C7-4F3D-830B-F47ACE94F640}.Release|x86.Build.0 = Release|Any CPU
		{08A2F3D8-46AB-4F98-BDA7-6208D489E8B8}.Debug|Any CPU.ActiveCfg = Debug|Any CPU
		{08A2F3D8-46AB-4F98-BDA7-6208D489E8B8}.Debug|Any CPU.Build.0 = Debug|Any CPU
		{08A2F3D8-46AB-4F98-BDA7-6208D489E8B8}.Debug|x64.ActiveCfg = Debug|Any CPU
		{08A2F3D8-46AB-4F98-BDA7-6208D489E8B8}.Debug|x64.Build.0 = Debug|Any CPU
		{08A2F3D8-46AB-4F98-BDA7-6208D489E8B8}.Debug|x86.ActiveCfg = Debug|Any CPU
		{08A2F3D8-46AB-4F98-BDA7-6208D489E8B8}.Debug|x86.Build.0 = Debug|Any CPU
		{08A2F3D8-46AB-4F98-BDA7-6208D489E8B8}.Release|Any CPU.ActiveCfg = Release|Any CPU
		{08A2F3D8-46AB-4F98-BDA7-6208D489E8B8}.Release|Any CPU.Build.0 = Release|Any CPU
		{08A2F3D8-46AB-4F98-BDA7-6208D489E8B8}.Release|x64.ActiveCfg = Release|Any CPU
		{08A2F3D8-46AB-4F98-BDA7-6208D489E8B8}.Release|x64.Build.0 = Release|Any CPU
		{08A2F3D8-46AB-4F98-BDA7-6208D489E8B8}.Release|x86.ActiveCfg = Release|Any CPU
		{08A2F3D8-46AB-4F98-BDA7-6208D489E8B8}.Release|x86.Build.0 = Release|Any CPU
		{5D3562D0-64A2-4C23-85D0-5A212016C0B4}.Debug|Any CPU.ActiveCfg = Debug|Any CPU
		{5D3562D0-64A2-4C23-85D0-5A212016C0B4}.Debug|Any CPU.Build.0 = Debug|Any CPU
		{5D3562D0-64A2-4C23-85D0-5A212016C0B4}.Debug|x64.ActiveCfg = Debug|Any CPU
		{5D3562D0-64A2-4C23-85D0-5A212016C0B4}.Debug|x64.Build.0 = Debug|Any CPU
		{5D3562D0-64A2-4C23-85D0-5A212016C0B4}.Debug|x86.ActiveCfg = Debug|Any CPU
		{5D3562D0-64A2-4C23-85D0-5A212016C0B4}.Debug|x86.Build.0 = Debug|Any CPU
		{5D3562D0-64A2-4C23-85D0-5A212016C0B4}.Release|Any CPU.ActiveCfg = Release|Any CPU
		{5D3562D0-64A2-4C23-85D0-5A212016C0B4}.Release|Any CPU.Build.0 = Release|Any CPU
		{5D3562D0-64A2-4C23-85D0-5A212016C0B4}.Release|x64.ActiveCfg = Release|Any CPU
		{5D3562D0-64A2-4C23-85D0-5A212016C0B4}.Release|x64.Build.0 = Release|Any CPU
		{5D3562D0-64A2-4C23-85D0-5A212016C0B4}.Release|x86.ActiveCfg = Release|Any CPU
		{5D3562D0-64A2-4C23-85D0-5A212016C0B4}.Release|x86.Build.0 = Release|Any CPU
		{EA6BDEB3-4206-45E7-B1AA-45851D788194}.Debug|Any CPU.ActiveCfg = Debug|Any CPU
		{EA6BDEB3-4206-45E7-B1AA-45851D788194}.Debug|Any CPU.Build.0 = Debug|Any CPU
		{EA6BDEB3-4206-45E7-B1AA-45851D788194}.Debug|x64.ActiveCfg = Debug|Any CPU
		{EA6BDEB3-4206-45E7-B1AA-45851D788194}.Debug|x64.Build.0 = Debug|Any CPU
		{EA6BDEB3-4206-45E7-B1AA-45851D788194}.Debug|x86.ActiveCfg = Debug|Any CPU
		{EA6BDEB3-4206-45E7-B1AA-45851D788194}.Debug|x86.Build.0 = Debug|Any CPU
		{EA6BDEB3-4206-45E7-B1AA-45851D788194}.Release|Any CPU.ActiveCfg = Release|Any CPU
		{EA6BDEB3-4206-45E7-B1AA-45851D788194}.Release|Any CPU.Build.0 = Release|Any CPU
		{EA6BDEB3-4206-45E7-B1AA-45851D788194}.Release|x64.ActiveCfg = Release|Any CPU
		{EA6BDEB3-4206-45E7-B1AA-45851D788194}.Release|x64.Build.0 = Release|Any CPU
		{EA6BDEB3-4206-45E7-B1AA-45851D788194}.Release|x86.ActiveCfg = Release|Any CPU
		{EA6BDEB3-4206-45E7-B1AA-45851D788194}.Release|x86.Build.0 = Release|Any CPU
		{974FB0CB-B105-470C-AB09-013B453000CA}.Debug|Any CPU.ActiveCfg = Debug|Any CPU
		{974FB0CB-B105-470C-AB09-013B453000CA}.Debug|Any CPU.Build.0 = Debug|Any CPU
		{974FB0CB-B105-470C-AB09-013B453000CA}.Debug|x64.ActiveCfg = Debug|Any CPU
		{974FB0CB-B105-470C-AB09-013B453000CA}.Debug|x64.Build.0 = Debug|Any CPU
		{974FB0CB-B105-470C-AB09-013B453000CA}.Debug|x86.ActiveCfg = Debug|Any CPU
		{974FB0CB-B105-470C-AB09-013B453000CA}.Debug|x86.Build.0 = Debug|Any CPU
		{974FB0CB-B105-470C-AB09-013B453000CA}.Release|Any CPU.ActiveCfg = Release|Any CPU
		{974FB0CB-B105-470C-AB09-013B453000CA}.Release|Any CPU.Build.0 = Release|Any CPU
		{974FB0CB-B105-470C-AB09-013B453000CA}.Release|x64.ActiveCfg = Release|Any CPU
		{974FB0CB-B105-470C-AB09-013B453000CA}.Release|x64.Build.0 = Release|Any CPU
		{974FB0CB-B105-470C-AB09-013B453000CA}.Release|x86.ActiveCfg = Release|Any CPU
		{974FB0CB-B105-470C-AB09-013B453000CA}.Release|x86.Build.0 = Release|Any CPU
		{862F7D31-0214-4D1A-8836-D737318A8BDF}.Debug|Any CPU.ActiveCfg = Debug|Any CPU
		{862F7D31-0214-4D1A-8836-D737318A8BDF}.Debug|Any CPU.Build.0 = Debug|Any CPU
		{862F7D31-0214-4D1A-8836-D737318A8BDF}.Debug|x64.ActiveCfg = Debug|Any CPU
		{862F7D31-0214-4D1A-8836-D737318A8BDF}.Debug|x64.Build.0 = Debug|Any CPU
		{862F7D31-0214-4D1A-8836-D737318A8BDF}.Debug|x86.ActiveCfg = Debug|Any CPU
		{862F7D31-0214-4D1A-8836-D737318A8BDF}.Debug|x86.Build.0 = Debug|Any CPU
		{862F7D31-0214-4D1A-8836-D737318A8BDF}.Release|Any CPU.ActiveCfg = Release|Any CPU
		{862F7D31-0214-4D1A-8836-D737318A8BDF}.Release|Any CPU.Build.0 = Release|Any CPU
		{862F7D31-0214-4D1A-8836-D737318A8BDF}.Release|x64.ActiveCfg = Release|Any CPU
		{862F7D31-0214-4D1A-8836-D737318A8BDF}.Release|x64.Build.0 = Release|Any CPU
		{862F7D31-0214-4D1A-8836-D737318A8BDF}.Release|x86.ActiveCfg = Release|Any CPU
		{862F7D31-0214-4D1A-8836-D737318A8BDF}.Release|x86.Build.0 = Release|Any CPU
		{C47AC366-875D-4E2D-831F-01465435662A}.Debug|Any CPU.ActiveCfg = Debug|Any CPU
		{C47AC366-875D-4E2D-831F-01465435662A}.Debug|Any CPU.Build.0 = Debug|Any CPU
		{C47AC366-875D-4E2D-831F-01465435662A}.Debug|x64.ActiveCfg = Debug|Any CPU
		{C47AC366-875D-4E2D-831F-01465435662A}.Debug|x64.Build.0 = Debug|Any CPU
		{C47AC366-875D-4E2D-831F-01465435662A}.Debug|x86.ActiveCfg = Debug|Any CPU
		{C47AC366-875D-4E2D-831F-01465435662A}.Debug|x86.Build.0 = Debug|Any CPU
		{C47AC366-875D-4E2D-831F-01465435662A}.Release|Any CPU.ActiveCfg = Release|Any CPU
		{C47AC366-875D-4E2D-831F-01465435662A}.Release|Any CPU.Build.0 = Release|Any CPU
		{C47AC366-875D-4E2D-831F-01465435662A}.Release|x64.ActiveCfg = Release|Any CPU
		{C47AC366-875D-4E2D-831F-01465435662A}.Release|x64.Build.0 = Release|Any CPU
		{C47AC366-875D-4E2D-831F-01465435662A}.Release|x86.ActiveCfg = Release|Any CPU
		{C47AC366-875D-4E2D-831F-01465435662A}.Release|x86.Build.0 = Release|Any CPU
		{ABF58D22-B9D3-48E7-B97F-27316002E21D}.Debug|Any CPU.ActiveCfg = Debug|Any CPU
		{ABF58D22-B9D3-48E7-B97F-27316002E21D}.Debug|Any CPU.Build.0 = Debug|Any CPU
		{ABF58D22-B9D3-48E7-B97F-27316002E21D}.Debug|x64.ActiveCfg = Debug|Any CPU
		{ABF58D22-B9D3-48E7-B97F-27316002E21D}.Debug|x64.Build.0 = Debug|Any CPU
		{ABF58D22-B9D3-48E7-B97F-27316002E21D}.Debug|x86.ActiveCfg = Debug|Any CPU
		{ABF58D22-B9D3-48E7-B97F-27316002E21D}.Debug|x86.Build.0 = Debug|Any CPU
		{ABF58D22-B9D3-48E7-B97F-27316002E21D}.Release|Any CPU.ActiveCfg = Release|Any CPU
		{ABF58D22-B9D3-48E7-B97F-27316002E21D}.Release|Any CPU.Build.0 = Release|Any CPU
		{ABF58D22-B9D3-48E7-B97F-27316002E21D}.Release|x64.ActiveCfg = Release|Any CPU
		{ABF58D22-B9D3-48E7-B97F-27316002E21D}.Release|x64.Build.0 = Release|Any CPU
		{ABF58D22-B9D3-48E7-B97F-27316002E21D}.Release|x86.ActiveCfg = Release|Any CPU
		{ABF58D22-B9D3-48E7-B97F-27316002E21D}.Release|x86.Build.0 = Release|Any CPU
	EndGlobalSection
	GlobalSection(SolutionProperties) = preSolution
		HideSolutionNode = FALSE
	EndGlobalSection
	GlobalSection(ExtensibilityGlobals) = postSolution
		SolutionGuid = {BD9FF18D-3BA0-4BD6-9A2A-821DD0D5D9ED}
	EndGlobalSection
EndGlobal
